
Microsoft Visual Studio Solution File, Format Version 12.00
# Visual Studio 2013
VisualStudioVersion = 12.0.21005.1
MinimumVisualStudioVersion = 10.0.40219.1
Project("{8BC9CEB8-8B4A-11D0-8D11-00A0C91BC942}") = "ant", "ant\ant.vcxproj", "{8425E340-888A-4D25-93D1-09EE19E4BA18}"
EndProject
Project("{8BC9CEB8-8B4A-11D0-8D11-00A0C91BC942}") = "intro", "intro\intro.vcxproj", "{8A8CE1CE-4E4C-4E9E-8170-79349DE189D6}"
EndProject
Project("{8BC9CEB8-8B4A-11D0-8D11-00A0C91BC942}") = "water", "water\water.vcxproj", "{B28C1183-EC22-4782-8F81-B97815505BFD}"
EndProject
Project("{8BC9CEB8-8B4A-11D0-8D11-00A0C91BC942}") = "maze", "maze\maze.vcxproj", "{FD8FF1D3-D93B-4702-AD73-9A6D70DFBBD0}"
EndProject
Project("{8BC9CEB8-8B4A-11D0-8D11-00A0C91BC942}") = "coin", "coin\coin.vcxproj", "{DC3B62B4-006A-4459-9D17-1FFA7882EB13}"
EndProject
Project("{8BC9CEB8-8B4A-11D0-8D11-00A0C91BC942}") = "fact", "fact\fact.vcxproj", "{0D6BBC5D-2A5B-427C-B704-BF62B58D7E39}"
EndProject
Project("{8BC9CEB8-8B4A-11D0-8D11-00A0C91BC942}") = "largest_tasks", "largest_tasks\largest_tasks.vcxproj", "{715979B3-1B95-434F-9C03-F9C4EB28CDAB}"
EndProject
Project("{8BC9CEB8-8B4A-11D0-8D11-00A0C91BC942}") = "number_sum_prune", "number_sum_prune\number_sum_prune.vcxproj", "{6A341FA8-D06F-4F2E-A497-814B0EB23E84}"
EndProject
Project("{8BC9CEB8-8B4A-11D0-8D11-00A0C91BC942}") = "triangle", "triangle\triangle.vcxproj", "{EDB8E362-39CE-46CC-827A-B73DEA5EB375}"
EndProject
Project("{8BC9CEB8-8B4A-11D0-8D11-00A0C91BC942}") = "test", "test\test.vcxproj", "{8A22D5C5-065A-4107-A5B7-90F09CD91A8A}"
EndProject
Project("{8BC9CEB8-8B4A-11D0-8D11-00A0C91BC942}") = "number_sum", "number_sum\number_sum.vcxproj", "{55673C4F-6BBA-4F7B-83F4-BC9137C157EA}"
EndProject
Project("{8BC9CEB8-8B4A-11D0-8D11-00A0C91BC942}") = "smaller_str", "smaller_str\smaller_str.vcxproj", "{089C6CD8-8EB6-4456-86BE-D056A1A90467}"
EndProject
Global
	GlobalSection(SolutionConfigurationPlatforms) = preSolution
		Debug|Win32 = Debug|Win32
		Release|Win32 = Release|Win32
	EndGlobalSection
	GlobalSection(ProjectConfigurationPlatforms) = postSolution
		{8425E340-888A-4D25-93D1-09EE19E4BA18}.Debug|Win32.ActiveCfg = Debug|Win32
		{8425E340-888A-4D25-93D1-09EE19E4BA18}.Debug|Win32.Build.0 = Debug|Win32
		{8425E340-888A-4D25-93D1-09EE19E4BA18}.Release|Win32.ActiveCfg = Release|Win32
		{8425E340-888A-4D25-93D1-09EE19E4BA18}.Release|Win32.Build.0 = Release|Win32
		{8A8CE1CE-4E4C-4E9E-8170-79349DE189D6}.Debug|Win32.ActiveCfg = Debug|Win32
		{8A8CE1CE-4E4C-4E9E-8170-79349DE189D6}.Debug|Win32.Build.0 = Debug|Win32
		{8A8CE1CE-4E4C-4E9E-8170-79349DE189D6}.Release|Win32.ActiveCfg = Release|Win32
		{8A8CE1CE-4E4C-4E9E-8170-79349DE189D6}.Release|Win32.Build.0 = Release|Win32
		{B28C1183-EC22-4782-8F81-B97815505BFD}.Debug|Win32.ActiveCfg = Debug|Win32
		{B28C1183-EC22-4782-8F81-B97815505BFD}.Debug|Win32.Build.0 = Debug|Win32
		{B28C1183-EC22-4782-8F81-B97815505BFD}.Release|Win32.ActiveCfg = Release|Win32
		{B28C1183-EC22-4782-8F81-B97815505BFD}.Release|Win32.Build.0 = Release|Win32
		{FD8FF1D3-D93B-4702-AD73-9A6D70DFBBD0}.Debug|Win32.ActiveCfg = Debug|Win32
		{FD8FF1D3-D93B-4702-AD73-9A6D70DFBBD0}.Debug|Win32.Build.0 = Debug|Win32
		{FD8FF1D3-D93B-4702-AD73-9A6D70DFBBD0}.Release|Win32.ActiveCfg = Release|Win32
		{FD8FF1D3-D93B-4702-AD73-9A6D70DFBBD0}.Release|Win32.Build.0 = Release|Win32
		{DC3B62B4-006A-4459-9D17-1FFA7882EB13}.Debug|Win32.ActiveCfg = Debug|Win32
		{DC3B62B4-006A-4459-9D17-1FFA7882EB13}.Debug|Win32.Build.0 = Debug|Win32
		{DC3B62B4-006A-4459-9D17-1FFA7882EB13}.Release|Win32.ActiveCfg = Release|Win32
		{DC3B62B4-006A-4459-9D17-1FFA7882EB13}.Release|Win32.Build.0 = Release|Win32
		{0D6BBC5D-2A5B-427C-B704-BF62B58D7E39}.Debug|Win32.ActiveCfg = Debug|Win32
		{0D6BBC5D-2A5B-427C-B704-BF62B58D7E39}.Debug|Win32.Build.0 = Debug|Win32
		{0D6BBC5D-2A5B-427C-B704-BF62B58D7E39}.Release|Win32.ActiveCfg = Release|Win32
		{0D6BBC5D-2A5B-427C-B704-BF62B58D7E39}.Release|Win32.Build.0 = Release|Win32
		{715979B3-1B95-434F-9C03-F9C4EB28CDAB}.Debug|Win32.ActiveCfg = Debug|Win32
		{715979B3-1B95-434F-9C03-F9C4EB28CDAB}.Debug|Win32.Build.0 = Debug|Win32
		{715979B3-1B95-434F-9C03-F9C4EB28CDAB}.Release|Win32.ActiveCfg = Release|Win32
		{715979B3-1B95-434F-9C03-F9C4EB28CDAB}.Release|Win32.Build.0 = Release|Win32
		{6A341FA8-D06F-4F2E-A497-814B0EB23E84}.Debug|Win32.ActiveCfg = Debug|Win32
		{6A341FA8-D06F-4F2E-A497-814B0EB23E84}.Debug|Win32.Build.0 = Debug|Win32
		{6A341FA8-D06F-4F2E-A497-814B0EB23E84}.Release|Win32.ActiveCfg = Release|Win32
		{6A341FA8-D06F-4F2E-A497-814B0EB23E84}.Release|Win32.Build.0 = Release|Win32
		{EDB8E362-39CE-46CC-827A-B73DEA5EB375}.Debug|Win32.ActiveCfg = Debug|Win32
		{EDB8E362-39CE-46CC-827A-B73DEA5EB375}.Debug|Win32.Build.0 = Debug|Win32
		{EDB8E362-39CE-46CC-827A-B73DEA5EB375}.Release|Win32.ActiveCfg = Release|Win32
		{EDB8E362-39CE-46CC-827A-B73DEA5EB375}.Release|Win32.Build.0 = Release|Win32
		{8A22D5C5-065A-4107-A5B7-90F09CD91A8A}.Debug|Win32.ActiveCfg = Debug|Win32
		{8A22D5C5-065A-4107-A5B7-90F09CD91A8A}.Debug|Win32.Build.0 = Debug|Win32
		{8A22D5C5-065A-4107-A5B7-90F09CD91A8A}.Release|Win32.ActiveCfg = Release|Win32
		{8A22D5C5-065A-4107-A5B7-90F09CD91A8A}.Release|Win32.Build.0 = Release|Win32
		{55673C4F-6BBA-4F7B-83F4-BC9137C157EA}.Debug|Win32.ActiveCfg = Debug|Win32
		{55673C4F-6BBA-4F7B-83F4-BC9137C157EA}.Debug|Win32.Build.0 = Debug|Win32
		{55673C4F-6BBA-4F7B-83F4-BC9137C157EA}.Release|Win32.ActiveCfg = Release|Win32
		{55673C4F-6BBA-4F7B-83F4-BC9137C157EA}.Release|Win32.Build.0 = Release|Win32
		{089C6CD8-8EB6-4456-86BE-D056A1A90467}.Debug|Win32.ActiveCfg = Debug|Win32
		{089C6CD8-8EB6-4456-86BE-D056A1A90467}.Debug|Win32.Build.0 = Debug|Win32
		{089C6CD8-8EB6-4456-86BE-D056A1A90467}.Release|Win32.ActiveCfg = Release|Win32
		{089C6CD8-8EB6-4456-86BE-D056A1A90467}.Release|Win32.Build.0 = Release|Win32
	EndGlobalSection
	GlobalSection(SolutionProperties) = preSolution
		HideSolutionNode = FALSE
	EndGlobalSection
EndGlobal
